
Microsoft Visual Studio Solution File, Format Version 12.00
# Visual Studio Version 17
VisualStudioVersion = 17.13.35931.197
MinimumVisualStudioVersion = 10.0.40219.1
Project("{FAE04EC0-301F-11D3-BF4B-00C04F79EFBC}") = "G9.Redis.Subscriber", "G9.Redis.Subscriber\G9.Redis.Subscriber.csproj", "{6D8B2568-5EA3-4151-B4DF-ED529849AD37}"
EndProject
Project("{2150E333-8FDC-42A3-9474-1A3956D46DE8}") = "src", "src", "{02EA681E-C7D8-13C7-8484-4AC65E1B71E8}"
EndProject
Project("{2150E333-8FDC-42A3-9474-1A3956D46DE8}") = "Trigger", "Trigger", "{5C7AFFF1-3B52-4ED3-A7ED-78746A0B657D}"
EndProject
Project("{FAE04EC0-301F-11D3-BF4B-00C04F79EFBC}") = "G9.Redis.Trigger", "G9.Redis.Trigger\G9.Redis.Trigger.csproj", "{8A7B52C7-BE7D-43D6-BBF1-29EB50395ACA}"
EndProject
Project("{FAE04EC0-301F-11D3-BF4B-00C04F79EFBC}") = "G9.Redis.Trigger.Isolated", "G9.Redis.Trigger.Isolated\G9.Redis.Trigger.Isolated.csproj", "{4A84A062-CCAB-498B-96F2-09B869FF90E5}"
EndProject
Project("{2150E333-8FDC-42A3-9474-1A3956D46DE8}") = "local-env", "local-env", "{2688BC3A-34E1-400B-880A-2D3DCFFF7841}"
	ProjectSection(SolutionItems) = preProject
		docker-compose.yml = docker-compose.yml
	EndProjectSection
EndProject
Project("{2150E333-8FDC-42A3-9474-1A3956D46DE8}") = "deployment", "deployment", "{4F3C95C3-6BD7-45FF-812A-F52A489CD727}"
	ProjectSection(SolutionItems) = preProject
		azure-pipelines.yml = azure-pipelines.yml
	EndProjectSection
EndProject
Project("{FAE04EC0-301F-11D3-BF4B-00C04F79EFBC}") = "G9.Redis.Subscriber.Debugger", "G9.Redis.Subscriber.Debugger\G9.Redis.Subscriber.Debugger.csproj", "{39C6DB70-5760-41C5-A795-DA62A4090F0F}"
EndProject
Global
	GlobalSection(SolutionConfigurationPlatforms) = preSolution
		Debug|Any CPU = Debug|Any CPU
		Release|Any CPU = Release|Any CPU
	EndGlobalSection
	GlobalSection(ProjectConfigurationPlatforms) = postSolution
		{6D8B2568-5EA3-4151-B4DF-ED529849AD37}.Debug|Any CPU.ActiveCfg = Debug|Any CPU
		{6D8B2568-5EA3-4151-B4DF-ED529849AD37}.Debug|Any CPU.Build.0 = Debug|Any CPU
		{6D8B2568-5EA3-4151-B4DF-ED529849AD37}.Release|Any CPU.ActiveCfg = Release|Any CPU
		{6D8B2568-5EA3-4151-B4DF-ED529849AD37}.Release|Any CPU.Build.0 = Release|Any CPU
		{8A7B52C7-BE7D-43D6-BBF1-29EB50395ACA}.Debug|Any CPU.ActiveCfg = Debug|Any CPU
		{8A7B52C7-BE7D-43D6-BBF1-29EB50395ACA}.Debug|Any CPU.Build.0 = Debug|Any CPU
		{8A7B52C7-BE7D-43D6-BBF1-29EB50395ACA}.Release|Any CPU.ActiveCfg = Release|Any CPU
		{8A7B52C7-BE7D-43D6-BBF1-29EB50395ACA}.Release|Any CPU.Build.0 = Release|Any CPU
		{4A84A062-CCAB-498B-96F2-09B869FF90E5}.Debug|Any CPU.ActiveCfg = Debug|Any CPU
		{4A84A062-CCAB-498B-96F2-09B869FF90E5}.Debug|Any CPU.Build.0 = Debug|Any CPU
		{4A84A062-CCAB-498B-96F2-09B869FF90E5}.Release|Any CPU.ActiveCfg = Release|Any CPU
		{4A84A062-CCAB-498B-96F2-09B869FF90E5}.Release|Any CPU.Build.0 = Release|Any CPU
		{39C6DB70-5760-41C5-A795-DA62A4090F0F}.Debug|Any CPU.ActiveCfg = Debug|Any CPU
		{39C6DB70-5760-41C5-A795-DA62A4090F0F}.Debug|Any CPU.Build.0 = Debug|Any CPU
		{39C6DB70-5760-41C5-A795-DA62A4090F0F}.Release|Any CPU.ActiveCfg = Release|Any CPU
		{39C6DB70-5760-41C5-A795-DA62A4090F0F}.Release|Any CPU.Build.0 = Release|Any CPU
	EndGlobalSection
	GlobalSection(SolutionProperties) = preSolution
		HideSolutionNode = FALSE
	EndGlobalSection
	GlobalSection(NestedProjects) = preSolution
		{6D8B2568-5EA3-4151-B4DF-ED529849AD37} = {02EA681E-C7D8-13C7-8484-4AC65E1B71E8}
		{5C7AFFF1-3B52-4ED3-A7ED-78746A0B657D} = {02EA681E-C7D8-13C7-8484-4AC65E1B71E8}
		{8A7B52C7-BE7D-43D6-BBF1-29EB50395ACA} = {5C7AFFF1-3B52-4ED3-A7ED-78746A0B657D}
		{4A84A062-CCAB-498B-96F2-09B869FF90E5} = {5C7AFFF1-3B52-4ED3-A7ED-78746A0B657D}
		{39C6DB70-5760-41C5-A795-DA62A4090F0F} = {02EA681E-C7D8-13C7-8484-4AC65E1B71E8}
	EndGlobalSection
	GlobalSection(ExtensibilityGlobals) = postSolution
		SolutionGuid = {FF614FA6-F925-43BA-99C1-F28AFAE3469C}
	EndGlobalSection
EndGlobal
